Microsoft Visual Studio Solution File, Format Version 12.00
# Visual Studio 14
VisualStudioVersion = 14.0.25420.1
MinimumVisualStudioVersion = 10.0.40219.1
Project("{FAE04EC0-301F-11D3-BF4B-00C04F79EFBC}") = "script", "script.csproj", "{EBDF9B6E-C9B1-496A-93EE-B5CC1CEA7727}"
EndProject
Project("{FAE04EC0-301F-11D3-BF4B-00C04F79EFBC}") = "TestBench", "..\..\..\..\..\..\..\..\Programming\CSharpTests\TestBench\TestBench.csproj", "{157F89C8-F575-4A10-BE16-FFC99E77DAB8}"
EndProject
Project("{FAE04EC0-301F-11D3-BF4B-00C04F79EFBC}") = "ShowDebugSE", "..\..\..\..\..\..\..\..\Programming\SpaceEngineers\ShowDebugSE\ShowDebugSE\ShowDebugSE.csproj", "{98FE7508-151E-4F0C-8EB6-2F09878D1A00}"
EndProject
Project("{FAE04EC0-301F-11D3-BF4B-00C04F79EFBC}") = "ModBootstrapper", "E:\Users\westin\Programming\SpaceEngineers\ModBootstrapper\ModBootstrapper.csproj", "{17B32A81-9176-4DD7-8E77-281A0C8919DE}"
EndProject
Global
	GlobalSection(SolutionConfigurationPlatforms) = preSolution
		Debug|Any CPU = Debug|Any CPU
		Debug|x64 = Debug|x64
		Release|Any CPU = Release|Any CPU
		Release|x64 = Release|x64
	EndGlobalSection
	GlobalSection(ProjectConfigurationPlatforms) = postSolution
		{EBDF9B6E-C9B1-496A-93EE-B5CC1CEA7727}.Debug|Any CPU.ActiveCfg = Debug|Any CPU
		{EBDF9B6E-C9B1-496A-93EE-B5CC1CEA7727}.Debug|Any CPU.Build.0 = Debug|Any CPU
		{EBDF9B6E-C9B1-496A-93EE-B5CC1CEA7727}.Debug|x64.ActiveCfg = Debug|x64
		{EBDF9B6E-C9B1-496A-93EE-B5CC1CEA7727}.Debug|x64.Build.0 = Debug|x64
		{EBDF9B6E-C9B1-496A-93EE-B5CC1CEA7727}.Release|Any CPU.ActiveCfg = Release|Any CPU
		{EBDF9B6E-C9B1-496A-93EE-B5CC1CEA7727}.Release|Any CPU.Build.0 = Release|Any CPU
		{EBDF9B6E-C9B1-496A-93EE-B5CC1CEA7727}.Release|x64.ActiveCfg = Release|x64
		{EBDF9B6E-C9B1-496A-93EE-B5CC1CEA7727}.Release|x64.Build.0 = Release|x64
		{157F89C8-F575-4A10-BE16-FFC99E77DAB8}.Debug|Any CPU.ActiveCfg = Debug|Any CPU
		{157F89C8-F575-4A10-BE16-FFC99E77DAB8}.Debug|Any CPU.Build.0 = Debug|Any CPU
		{157F89C8-F575-4A10-BE16-FFC99E77DAB8}.Debug|x64.ActiveCfg = Debug|x64
		{157F89C8-F575-4A10-BE16-FFC99E77DAB8}.Debug|x64.Build.0 = Debug|x64
		{157F89C8-F575-4A10-BE16-FFC99E77DAB8}.Release|Any CPU.ActiveCfg = Release|Any CPU
		{157F89C8-F575-4A10-BE16-FFC99E77DAB8}.Release|Any CPU.Build.0 = Release|Any CPU
		{157F89C8-F575-4A10-BE16-FFC99E77DAB8}.Release|x64.ActiveCfg = Release|x64
		{157F89C8-F575-4A10-BE16-FFC99E77DAB8}.Release|x64.Build.0 = Release|x64
		{98FE7508-151E-4F0C-8EB6-2F09878D1A00}.Debug|Any CPU.ActiveCfg = Debug|x64
		{98FE7508-151E-4F0C-8EB6-2F09878D1A00}.Debug|Any CPU.Build.0 = Debug|x64
		{98FE7508-151E-4F0C-8EB6-2F09878D1A00}.Debug|x64.ActiveCfg = Debug|x64
		{98FE7508-151E-4F0C-8EB6-2F09878D1A00}.Debug|x64.Build.0 = Debug|x64
		{98FE7508-151E-4F0C-8EB6-2F09878D1A00}.Release|Any CPU.ActiveCfg = Release|Any CPU
		{98FE7508-151E-4F0C-8EB6-2F09878D1A00}.Release|Any CPU.Build.0 = Release|Any CPU
		{98FE7508-151E-4F0C-8EB6-2F09878D1A00}.Release|x64.ActiveCfg = Release|x64
		{98FE7508-151E-4F0C-8EB6-2F09878D1A00}.Release|x64.Build.0 = Release|x64
		{17B32A81-9176-4DD7-8E77-281A0C8919DE}.Debug|Any CPU.ActiveCfg = Debug|Any CPU
		{17B32A81-9176-4DD7-8E77-281A0C8919DE}.Debug|Any CPU.Build.0 = Debug|Any CPU
		{17B32A81-9176-4DD7-8E77-281A0C8919DE}.Debug|x64.ActiveCfg = Debug|Any CPU
		{17B32A81-9176-4DD7-8E77-281A0C8919DE}.Debug|x64.Build.0 = Debug|Any CPU
		{17B32A81-9176-4DD7-8E77-281A0C8919DE}.Release|Any CPU.ActiveCfg = Release|Any CPU
		{17B32A81-9176-4DD7-8E77-281A0C8919DE}.Release|Any CPU.Build.0 = Release|Any CPU
		{17B32A81-9176-4DD7-8E77-281A0C8919DE}.Release|x64.ActiveCfg = Release|Any CPU
		{17B32A81-9176-4DD7-8E77-281A0C8919DE}.Release|x64.Build.0 = Release|Any CPU
	EndGlobalSection
	GlobalSection(SolutionProperties) = preSolution
		HideSolutionNode = FALSE
	EndGlobalSection
EndGlobal
